<Solution>
  <Folder Name="/src/">
    <Project Path="src/FlexQuery.NET.EFCore/FlexQuery.NET.EFCore.csproj" />
    <Project Path="src/FlexQuery.NET/FlexQuery.NET.csproj" />
  </Folder>
  <Folder Name="/tests/">
    <Project Path="tests/FlexQuery.NET.Tests/FlexQuery.NET.Tests.csproj" />
  </Folder>
</Solution>
